
Microsoft Visual Studio Solution File, Format Version 12.00
# Visual Studio 15
VisualStudioVersion = 15.0.26124.0
MinimumVisualStudioVersion = 15.0.26124.0
Project("{2150E333-8FDC-42A3-9474-1A3956D46DE8}") = "src", "src", "{D0876B21-9F61-4D76-BC0D-4E49BA876EA1}"
EndProject
Project("{2150E333-8FDC-42A3-9474-1A3956D46DE8}") = "Services", "Services", "{2EB96B6B-017A-4233-9D0E-BCB335A4BE5D}"
EndProject
Project("{2150E333-8FDC-42A3-9474-1A3956D46DE8}") = "Security", "Security", "{9C3CB1AF-99CF-4E33-A8EA-6D523FE8465E}"
EndProject
Project("{FAE04EC0-301F-11D3-BF4B-00C04F79EFBC}") = "Core.Domain", "src\Core.Domain\Core.Domain.csproj", "{27F07DB5-8FBB-4905-8EE5-9FC698BFB2F7}"
EndProject
Project("{FAE04EC0-301F-11D3-BF4B-00C04F79EFBC}") = "Core.Infrastructure", "src\Core.Infrastructure\Core.Infrastructure.csproj", "{D4C901F1-4636-43A0-9145-B2DC023A0A41}"
EndProject
Project("{2150E333-8FDC-42A3-9474-1A3956D46DE8}") = "Gateways", "Gateways", "{EABADE16-630E-4F79-911C-572B2541AFBC}"
EndProject
Project("{FAE04EC0-301F-11D3-BF4B-00C04F79EFBC}") = "Security.API", "src\Services\Security\Security.API\Security.API.csproj", "{4C8F016E-33D1-43DE-BDB9-4086E2A01E10}"
EndProject
Project("{FAE04EC0-301F-11D3-BF4B-00C04F79EFBC}") = "CryptoService", "src\Services\Security\CryptoService\CryptoService.csproj", "{75655538-2568-49DF-8720-3B8716D2035A}"
EndProject
Project("{FAE04EC0-301F-11D3-BF4B-00C04F79EFBC}") = "ExampleGateway", "src\Gateways\ExampleGateway\ExampleGateway.csproj", "{3EF75202-B13B-4874-87E5-95933A585531}"
EndProject
Project("{FAE04EC0-301F-11D3-BF4B-00C04F79EFBC}") = "TokenService", "src\Services\Security\TokenService\TokenService.csproj", "{4E4CAC8D-7EDF-48AA-8B1A-EE13380906A3}"
EndProject
Project("{FAE04EC0-301F-11D3-BF4B-00C04F79EFBC}") = "UserService", "src\Services\Security\UserService\UserService.csproj", "{0CB1A652-B8A2-4DFE-9D18-DE4AE6891A61}"
EndProject
Project("{FAE04EC0-301F-11D3-BF4B-00C04F79EFBC}") = "Security.Domain", "src\Services\Security\Security.Domain\Security.Domain.csproj", "{A1DD62CC-F29A-4C76-B705-B6CD14BE92E4}"
EndProject
Global
	GlobalSection(SolutionConfigurationPlatforms) = preSolution
		Debug|Any CPU = Debug|Any CPU
		Debug|x64 = Debug|x64
		Debug|x86 = Debug|x86
		Release|Any CPU = Release|Any CPU
		Release|x64 = Release|x64
		Release|x86 = Release|x86
	EndGlobalSection
	GlobalSection(SolutionProperties) = preSolution
		HideSolutionNode = FALSE
	EndGlobalSection
	GlobalSection(ProjectConfigurationPlatforms) = postSolution
		{27F07DB5-8FBB-4905-8EE5-9FC698BFB2F7}.Debug|Any CPU.ActiveCfg = Debug|Any CPU
		{27F07DB5-8FBB-4905-8EE5-9FC698BFB2F7}.Debug|Any CPU.Build.0 = Debug|Any CPU
		{27F07DB5-8FBB-4905-8EE5-9FC698BFB2F7}.Debug|x64.ActiveCfg = Debug|x64
		{27F07DB5-8FBB-4905-8EE5-9FC698BFB2F7}.Debug|x64.Build.0 = Debug|x64
		{27F07DB5-8FBB-4905-8EE5-9FC698BFB2F7}.Debug|x86.ActiveCfg = Debug|x86
		{27F07DB5-8FBB-4905-8EE5-9FC698BFB2F7}.Debug|x86.Build.0 = Debug|x86
		{27F07DB5-8FBB-4905-8EE5-9FC698BFB2F7}.Release|Any CPU.ActiveCfg = Release|Any CPU
		{27F07DB5-8FBB-4905-8EE5-9FC698BFB2F7}.Release|Any CPU.Build.0 = Release|Any CPU
		{27F07DB5-8FBB-4905-8EE5-9FC698BFB2F7}.Release|x64.ActiveCfg = Release|x64
		{27F07DB5-8FBB-4905-8EE5-9FC698BFB2F7}.Release|x64.Build.0 = Release|x64
		{27F07DB5-8FBB-4905-8EE5-9FC698BFB2F7}.Release|x86.ActiveCfg = Release|x86
		{27F07DB5-8FBB-4905-8EE5-9FC698BFB2F7}.Release|x86.Build.0 = Release|x86
		{D4C901F1-4636-43A0-9145-B2DC023A0A41}.Debug|Any CPU.ActiveCfg = Debug|Any CPU
		{D4C901F1-4636-43A0-9145-B2DC023A0A41}.Debug|Any CPU.Build.0 = Debug|Any CPU
		{D4C901F1-4636-43A0-9145-B2DC023A0A41}.Debug|x64.ActiveCfg = Debug|x64
		{D4C901F1-4636-43A0-9145-B2DC023A0A41}.Debug|x64.Build.0 = Debug|x64
		{D4C901F1-4636-43A0-9145-B2DC023A0A41}.Debug|x86.ActiveCfg = Debug|x86
		{D4C901F1-4636-43A0-9145-B2DC023A0A41}.Debug|x86.Build.0 = Debug|x86
		{D4C901F1-4636-43A0-9145-B2DC023A0A41}.Release|Any CPU.ActiveCfg = Release|Any CPU
		{D4C901F1-4636-43A0-9145-B2DC023A0A41}.Release|Any CPU.Build.0 = Release|Any CPU
		{D4C901F1-4636-43A0-9145-B2DC023A0A41}.Release|x64.ActiveCfg = Release|x64
		{D4C901F1-4636-43A0-9145-B2DC023A0A41}.Release|x64.Build.0 = Release|x64
		{D4C901F1-4636-43A0-9145-B2DC023A0A41}.Release|x86.ActiveCfg = Release|x86
		{D4C901F1-4636-43A0-9145-B2DC023A0A41}.Release|x86.Build.0 = Release|x86
		{4C8F016E-33D1-43DE-BDB9-4086E2A01E10}.Debug|Any CPU.ActiveCfg = Debug|Any CPU
		{4C8F016E-33D1-43DE-BDB9-4086E2A01E10}.Debug|Any CPU.Build.0 = Debug|Any CPU
		{4C8F016E-33D1-43DE-BDB9-4086E2A01E10}.Debug|x64.ActiveCfg = Debug|x64
		{4C8F016E-33D1-43DE-BDB9-4086E2A01E10}.Debug|x64.Build.0 = Debug|x64
		{4C8F016E-33D1-43DE-BDB9-4086E2A01E10}.Debug|x86.ActiveCfg = Debug|x86
		{4C8F016E-33D1-43DE-BDB9-4086E2A01E10}.Debug|x86.Build.0 = Debug|x86
		{4C8F016E-33D1-43DE-BDB9-4086E2A01E10}.Release|Any CPU.ActiveCfg = Release|Any CPU
		{4C8F016E-33D1-43DE-BDB9-4086E2A01E10}.Release|Any CPU.Build.0 = Release|Any CPU
		{4C8F016E-33D1-43DE-BDB9-4086E2A01E10}.Release|x64.ActiveCfg = Release|x64
		{4C8F016E-33D1-43DE-BDB9-4086E2A01E10}.Release|x64.Build.0 = Release|x64
		{4C8F016E-33D1-43DE-BDB9-4086E2A01E10}.Release|x86.ActiveCfg = Release|x86
		{4C8F016E-33D1-43DE-BDB9-4086E2A01E10}.Release|x86.Build.0 = Release|x86
		{75655538-2568-49DF-8720-3B8716D2035A}.Debug|Any CPU.ActiveCfg = Debug|Any CPU
		{75655538-2568-49DF-8720-3B8716D2035A}.Debug|Any CPU.Build.0 = Debug|Any CPU
		{75655538-2568-49DF-8720-3B8716D2035A}.Debug|x64.ActiveCfg = Debug|x64
		{75655538-2568-49DF-8720-3B8716D2035A}.Debug|x64.Build.0 = Debug|x64
		{75655538-2568-49DF-8720-3B8716D2035A}.Debug|x86.ActiveCfg = Debug|x86
		{75655538-2568-49DF-8720-3B8716D2035A}.Debug|x86.Build.0 = Debug|x86
		{75655538-2568-49DF-8720-3B8716D2035A}.Release|Any CPU.ActiveCfg = Release|Any CPU
		{75655538-2568-49DF-8720-3B8716D2035A}.Release|Any CPU.Build.0 = Release|Any CPU
		{75655538-2568-49DF-8720-3B8716D2035A}.Release|x64.ActiveCfg = Release|x64
		{75655538-2568-49DF-8720-3B8716D2035A}.Release|x64.Build.0 = Release|x64
		{75655538-2568-49DF-8720-3B8716D2035A}.Release|x86.ActiveCfg = Release|x86
		{75655538-2568-49DF-8720-3B8716D2035A}.Release|x86.Build.0 = Release|x86
		{3EF75202-B13B-4874-87E5-95933A585531}.Debug|Any CPU.ActiveCfg = Debug|Any CPU
		{3EF75202-B13B-4874-87E5-95933A585531}.Debug|Any CPU.Build.0 = Debug|Any CPU
		{3EF75202-B13B-4874-87E5-95933A585531}.Debug|x64.ActiveCfg = Debug|x64
		{3EF75202-B13B-4874-87E5-95933A585531}.Debug|x64.Build.0 = Debug|x64
		{3EF75202-B13B-4874-87E5-95933A585531}.Debug|x86.ActiveCfg = Debug|x86
		{3EF75202-B13B-4874-87E5-95933A585531}.Debug|x86.Build.0 = Debug|x86
		{3EF75202-B13B-4874-87E5-95933A585531}.Release|Any CPU.ActiveCfg = Release|Any CPU
		{3EF75202-B13B-4874-87E5-95933A585531}.Release|Any CPU.Build.0 = Release|Any CPU
		{3EF75202-B13B-4874-87E5-95933A585531}.Release|x64.ActiveCfg = Release|x64
		{3EF75202-B13B-4874-87E5-95933A585531}.Release|x64.Build.0 = Release|x64
		{3EF75202-B13B-4874-87E5-95933A585531}.Release|x86.ActiveCfg = Release|x86
		{3EF75202-B13B-4874-87E5-95933A585531}.Release|x86.Build.0 = Release|x86
		{4E4CAC8D-7EDF-48AA-8B1A-EE13380906A3}.Debug|Any CPU.ActiveCfg = Debug|Any CPU
		{4E4CAC8D-7EDF-48AA-8B1A-EE13380906A3}.Debug|Any CPU.Build.0 = Debug|Any CPU
		{4E4CAC8D-7EDF-48AA-8B1A-EE13380906A3}.Debug|x64.ActiveCfg = Debug|x64
		{4E4CAC8D-7EDF-48AA-8B1A-EE13380906A3}.Debug|x64.Build.0 = Debug|x64
		{4E4CAC8D-7EDF-48AA-8B1A-EE13380906A3}.Debug|x86.ActiveCfg = Debug|x86
		{4E4CAC8D-7EDF-48AA-8B1A-EE13380906A3}.Debug|x86.Build.0 = Debug|x86
		{4E4CAC8D-7EDF-48AA-8B1A-EE13380906A3}.Release|Any CPU.ActiveCfg = Release|Any CPU
		{4E4CAC8D-7EDF-48AA-8B1A-EE13380906A3}.Release|Any CPU.Build.0 = Release|Any CPU
		{4E4CAC8D-7EDF-48AA-8B1A-EE13380906A3}.Release|x64.ActiveCfg = Release|x64
		{4E4CAC8D-7EDF-48AA-8B1A-EE13380906A3}.Release|x64.Build.0 = Release|x64
		{4E4CAC8D-7EDF-48AA-8B1A-EE13380906A3}.Release|x86.ActiveCfg = Release|x86
		{4E4CAC8D-7EDF-48AA-8B1A-EE13380906A3}.Release|x86.Build.0 = Release|x86
		{0CB1A652-B8A2-4DFE-9D18-DE4AE6891A61}.Debug|Any CPU.ActiveCfg = Debug|Any CPU
		{0CB1A652-B8A2-4DFE-9D18-DE4AE6891A61}.Debug|Any CPU.Build.0 = Debug|Any CPU
		{0CB1A652-B8A2-4DFE-9D18-DE4AE6891A61}.Debug|x64.ActiveCfg = Debug|x64
		{0CB1A652-B8A2-4DFE-9D18-DE4AE6891A61}.Debug|x64.Build.0 = Debug|x64
		{0CB1A652-B8A2-4DFE-9D18-DE4AE6891A61}.Debug|x86.ActiveCfg = Debug|x86
		{0CB1A652-B8A2-4DFE-9D18-DE4AE6891A61}.Debug|x86.Build.0 = Debug|x86
		{0CB1A652-B8A2-4DFE-9D18-DE4AE6891A61}.Release|Any CPU.ActiveCfg = Release|Any CPU
		{0CB1A652-B8A2-4DFE-9D18-DE4AE6891A61}.Release|Any CPU.Build.0 = Release|Any CPU
		{0CB1A652-B8A2-4DFE-9D18-DE4AE6891A61}.Release|x64.ActiveCfg = Release|x64
		{0CB1A652-B8A2-4DFE-9D18-DE4AE6891A61}.Release|x64.Build.0 = Release|x64
		{0CB1A652-B8A2-4DFE-9D18-DE4AE6891A61}.Release|x86.ActiveCfg = Release|x86
		{0CB1A652-B8A2-4DFE-9D18-DE4AE6891A61}.Release|x86.Build.0 = Release|x86
		{A1DD62CC-F29A-4C76-B705-B6CD14BE92E4}.Debug|Any CPU.ActiveCfg = Debug|Any CPU
		{A1DD62CC-F29A-4C76-B705-B6CD14BE92E4}.Debug|Any CPU.Build.0 = Debug|Any CPU
		{A1DD62CC-F29A-4C76-B705-B6CD14BE92E4}.Debug|x64.ActiveCfg = Debug|x64
		{A1DD62CC-F29A-4C76-B705-B6CD14BE92E4}.Debug|x64.Build.0 = Debug|x64
		{A1DD62CC-F29A-4C76-B705-B6CD14BE92E4}.Debug|x86.ActiveCfg = Debug|x86
		{A1DD62CC-F29A-4C76-B705-B6CD14BE92E4}.Debug|x86.Build.0 = Debug|x86
		{A1DD62CC-F29A-4C76-B705-B6CD14BE92E4}.Release|Any CPU.ActiveCfg = Release|Any CPU
		{A1DD62CC-F29A-4C76-B705-B6CD14BE92E4}.Release|Any CPU.Build.0 = Release|Any CPU
		{A1DD62CC-F29A-4C76-B705-B6CD14BE92E4}.Release|x64.ActiveCfg = Release|x64
		{A1DD62CC-F29A-4C76-B705-B6CD14BE92E4}.Release|x64.Build.0 = Release|x64
		{A1DD62CC-F29A-4C76-B705-B6CD14BE92E4}.Release|x86.ActiveCfg = Release|x86
		{A1DD62CC-F29A-4C76-B705-B6CD14BE92E4}.Release|x86.Build.0 = Release|x86
	EndGlobalSection
	GlobalSection(NestedProjects) = preSolution
		{2EB96B6B-017A-4233-9D0E-BCB335A4BE5D} = {D0876B21-9F61-4D76-BC0D-4E49BA876EA1}
		{9C3CB1AF-99CF-4E33-A8EA-6D523FE8465E} = {2EB96B6B-017A-4233-9D0E-BCB335A4BE5D}
		{27F07DB5-8FBB-4905-8EE5-9FC698BFB2F7} = {D0876B21-9F61-4D76-BC0D-4E49BA876EA1}
		{D4C901F1-4636-43A0-9145-B2DC023A0A41} = {D0876B21-9F61-4D76-BC0D-4E49BA876EA1}
		{EABADE16-630E-4F79-911C-572B2541AFBC} = {D0876B21-9F61-4D76-BC0D-4E49BA876EA1}
		{4C8F016E-33D1-43DE-BDB9-4086E2A01E10} = {9C3CB1AF-99CF-4E33-A8EA-6D523FE8465E}
		{75655538-2568-49DF-8720-3B8716D2035A} = {9C3CB1AF-99CF-4E33-A8EA-6D523FE8465E}
		{3EF75202-B13B-4874-87E5-95933A585531} = {EABADE16-630E-4F79-911C-572B2541AFBC}
		{4E4CAC8D-7EDF-48AA-8B1A-EE13380906A3} = {2EB96B6B-017A-4233-9D0E-BCB335A4BE5D}
		{0CB1A652-B8A2-4DFE-9D18-DE4AE6891A61} = {9C3CB1AF-99CF-4E33-A8EA-6D523FE8465E}
		{A1DD62CC-F29A-4C76-B705-B6CD14BE92E4} = {9C3CB1AF-99CF-4E33-A8EA-6D523FE8465E}
	EndGlobalSection
EndGlobal
